
Microsoft Visual Studio Solution File, Format Version 12.00
# Visual Studio Version 16
VisualStudioVersion = 16.0.31129.286
MinimumVisualStudioVersion = 10.0.40219.1
Project("{9092AA53-FB77-4645-B42D-1CCCA6BD08BD}") = "Grasshoper", "Grasshoper.njsproj", "{1AA0406F-BBC5-4C38-8DDB-F40DBB8065D6}"
EndProject
Global
	GlobalSection(SolutionConfigurationPlatforms) = preSolution
		Debug|Any CPU = Debug|Any CPU
		Release|Any CPU = Release|Any CPU
	EndGlobalSection
	GlobalSection(ProjectConfigurationPlatforms) = postSolution
		{1AA0406F-BBC5-4C38-8DDB-F40DBB8065D6}.Debug|Any CPU.ActiveCfg = Debug|Any CPU
		{1AA0406F-BBC5-4C38-8DDB-F40DBB8065D6}.Debug|Any CPU.Build.0 = Debug|Any CPU
		{1AA0406F-BBC5-4C38-8DDB-F40DBB8065D6}.Release|Any CPU.ActiveCfg = Release|Any CPU
		{1AA0406F-BBC5-4C38-8DDB-F40DBB8065D6}.Release|Any CPU.Build.0 = Release|Any CPU
	EndGlobalSection
	GlobalSection(SolutionProperties) = preSolution
		HideSolutionNode = FALSE
	EndGlobalSection
	GlobalSection(ExtensibilityGlobals) = postSolution
		SolutionGuid = {068B4C0B-FB2F-43CD-A209-3E52CCECA169}
	EndGlobalSection
EndGlobal
